// !$*UTF8*$!
{
	archiveVersion = 1;
	classes = {
	};
	objectVersion = 46;
	objects = {

/* Begin PBXBuildFile section */
		3F8430B51DA8714D001841DC /* AppDelegate.swift in Sources */ = {isa = PBXBuildFile; fileRef = 3F8430B41DA8714D001841DC /* AppDelegate.swift */; };
		3F8430B71DA8714D001841DC /* ViewController.swift in Sources */ = {isa = PBXBuildFile; fileRef = 3F8430B61DA8714D001841DC /* ViewController.swift */; };
		3F8430BA1DA8714D001841DC /* Main.storyboard in Resources */ = {isa = PBXBuildFile; fileRef = 3F8430B81DA8714D001841DC /* Main.storyboard */; };
		3F8430BC1DA8714D001841DC /* Assets.xcassets in Resources */ = {isa = PBXBuildFile; fileRef = 3F8430BB1DA8714D001841DC /* Assets.xcassets */; };
		3F8430BF1DA8714D001841DC /* LaunchScreen.storyboard in Resources */ = {isa = PBXBuildFile; fileRef = 3F8430BD1DA8714D001841DC /* LaunchScreen.storyboard */; };
		3F8430CA1DA8714D001841DC /* test1Tests.swift in Sources */ = {isa = PBXBuildFile; fileRef = 3F8430C91DA8714D001841DC /* test1Tests.swift */; };
		3F8430D51DA8714D001841DC /* test1UITests.swift in Sources */ = {isa = PBXBuildFile; fileRef = 3F8430D41DA8714D001841DC /* test1UITests.swift */; };
		3F8430E31DA87569001841DC /* DevelopController.swift in Sources */ = {isa = PBXBuildFile; fileRef = 3F8430E21DA87569001841DC /* DevelopController.swift */; };
		3FA03BD41DB1CFA900D6FFF2 /* pokedb.sqlite3 in Resources */ = {isa = PBXBuildFile; fileRef = 3FA03BD31DB1CFA900D6FFF2 /* pokedb.sqlite3 */; };
		3FA03BD81DB1D21600D6FFF2 /* Develop.xcdatamodeld in Sources */ = {isa = PBXBuildFile; fileRef = 3FA03BD61DB1D21600D6FFF2 /* Develop.xcdatamodeld */; };
		3FDC63D91DBB023A009609F7 /* pokedb.csv in Resources */ = {isa = PBXBuildFile; fileRef = 3FDC63D81DBB023A009609F7 /* pokedb.csv */; };
		3FDC63DC1DBB0690009609F7 /* Monster+CoreDataProperties.swift in Sources */ = {isa = PBXBuildFile; fileRef = 3FDC63DA1DBB0690009609F7 /* Monster+CoreDataProperties.swift */; };
		3FDC63DD1DBB0690009609F7 /* Monster.swift in Sources */ = {isa = PBXBuildFile; fileRef = 3FDC63DB1DBB0690009609F7 /* Monster.swift */; };
/* End PBXBuildFile section */

/* Begin PBXContainerItemProxy section */
		3F8430C61DA8714D001841DC /* PBXContainerItemProxy */ = {
			isa = PBXContainerItemProxy;
			containerPortal = 3F8430A91DA8714C001841DC /* Project object */;
			proxyType = 1;
			remoteGlobalIDString = 3F8430B01DA8714C001841DC;
			remoteInfo = test1;
		};
		3F8430D11DA8714D001841DC /* PBXContainerItemProxy */ = {
			isa = PBXContainerItemProxy;
			containerPortal = 3F8430A91DA8714C001841DC /* Project object */;
			proxyType = 1;
			remoteGlobalIDString = 3F8430B01DA8714C001841DC;
			remoteInfo = test1;
		};
/* End PBXContainerItemProxy section */

/* Begin PBXFileReference section */
		3F8430B11DA8714D001841DC /* test1.app */ = {isa = PBXFileReference; explicitFileType = wrapper.application; includeInIndex = 0; path = test1.app; sourceTree = BUILT_PRODUCTS_DIR; };
		3F8430B41DA8714D001841DC /* AppDelegate.swift */ = {isa = PBXFileReference; lastKnownFileType = sourcecode.swift; path = AppDelegate.swift; sourceTree = "<group>"; };
		3F8430B61DA8714D001841DC /* ViewController.swift */ = {isa = PBXFileReference; lastKnownFileType = sourcecode.swift; path = ViewController.swift; sourceTree = "<group>"; };
		3F8430B91DA8714D001841DC /* Base */ = {isa = PBXFileReference; lastKnownFileType = file.storyboard; name = Base; path = Base.lproj/Main.storyboard; sourceTree = "<group>"; };
		3F8430BB1DA8714D001841DC /* Assets.xcassets */ = {isa = PBXFileReference; lastKnownFileType = folder.assetcatalog; path = Assets.xcassets; sourceTree = "<group>"; };
		3F8430BE1DA8714D001841DC /* Base */ = {isa = PBXFileReference; lastKnownFileType = file.storyboard; name = Base; path = Base.lproj/LaunchScreen.storyboard; sourceTree = "<group>"; };
		3F8430C01DA8714D001841DC /* Info.plist */ = {isa = PBXFileReference; lastKnownFileType = text.plist.xml; path = Info.plist; sourceTree = "<group>"; };
		3F8430C51DA8714D001841DC /* test1Tests.xctest */ = {isa = PBXFileReference; explicitFileType = wrapper.cfbundle; includeInIndex = 0; path = test1Tests.xctest; sourceTree = BUILT_PRODUCTS_DIR; };
		3F8430C91DA8714D001841DC /* test1Tests.swift */ = {isa = PBXFileReference; lastKnownFileType = sourcecode.swift; path = test1Tests.swift; sourceTree = "<group>"; };
		3F8430CB1DA8714D001841DC /* Info.plist */ = {isa = PBXFileReference; lastKnownFileType = text.plist.xml; path = Info.plist; sourceTree = "<group>"; };
		3F8430D01DA8714D001841DC /* test1UITests.xctest */ = {isa = PBXFileReference; explicitFileType = wrapper.cfbundle; includeInIndex = 0; path = test1UITests.xctest; sourceTree = BUILT_PRODUCTS_DIR; };
		3F8430D41DA8714D001841DC /* test1UITests.swift */ = {isa = PBXFileReference; lastKnownFileType = sourcecode.swift; path = test1UITests.swift; sourceTree = "<group>"; };
		3F8430D61DA8714D001841DC /* Info.plist */ = {isa = PBXFileReference; lastKnownFileType = text.plist.xml; path = Info.plist; sourceTree = "<group>"; };
		3F8430E21DA87569001841DC /* DevelopController.swift */ = {isa = PBXFileReference; fileEncoding = 4; lastKnownFileType = sourcecode.swift; path = DevelopController.swift; sourceTree = "<group>"; };
		3FA03BD31DB1CFA900D6FFF2 /* pokedb.sqlite3 */ = {isa = PBXFileReference; lastKnownFileType = file; path = pokedb.sqlite3; sourceTree = "<group>"; };
		3FA03BD71DB1D21600D6FFF2 /* Develop.xcdatamodel */ = {isa = PBXFileReference; lastKnownFileType = wrapper.xcdatamodel; path = Develop.xcdatamodel; sourceTree = "<group>"; };
		3FDC63D81DBB023A009609F7 /* pokedb.csv */ = {isa = PBXFileReference; fileEncoding = 4; lastKnownFileType = text; path = pokedb.csv; sourceTree = "<group>"; };
		3FDC63DA1DBB0690009609F7 /* Monster+CoreDataProperties.swift */ = {isa = PBXFileReference; fileEncoding = 4; lastKnownFileType = sourcecode.swift; path = "Monster+CoreDataProperties.swift"; sourceTree = "<group>"; };
		3FDC63DB1DBB0690009609F7 /* Monster.swift */ = {isa = PBXFileReference; fileEncoding = 4; lastKnownFileType = sourcecode.swift; path = Monster.swift; sourceTree = "<group>"; };
/* End PBXFileReference section */

/* Begin PBXFrameworksBuildPhase section */
		3F8430AE1DA8714C001841DC /* Frameworks */ = {
			isa = PBXFrameworksBuildPhase;
			buildActionMask = 2147483647;
			files = (
			);
			runOnlyForDeploymentPostprocessing = 0;
		};
		3F8430C21DA8714D001841DC /* Frameworks */ = {
			isa = PBXFrameworksBuildPhase;
			buildActionMask = 2147483647;
			files = (
			);
			runOnlyForDeploymentPostprocessing = 0;
		};
		3F8430CD1DA8714D001841DC /* Frameworks */ = {
			isa = PBXFrameworksBuildPhase;
			buildActionMask = 2147483647;
			files = (
			);
			runOnlyForDeploymentPostprocessing = 0;
		};
/* End PBXFrameworksBuildPhase section */

/* Begin PBXGroup section */
		3F8430A81DA8714C001841DC = {
			isa = PBXGroup;
			children = (
				3FDC63DA1DBB0690009609F7 /* Monster+CoreDataProperties.swift */,
				3FDC63DB1DBB0690009609F7 /* Monster.swift */,
				3F8430B31DA8714D001841DC /* test1 */,
				3F8430C81DA8714D001841DC /* test1Tests */,
				3F8430D31DA8714D001841DC /* test1UITests */,
				3F8430B21DA8714D001841DC /* Products */,
				3FA03BC81DB1B11A00D6FFF2 /* Lib */,
			);
			sourceTree = "<group>";
		};
		3F8430B21DA8714D001841DC /* Products */ = {
			isa = PBXGroup;
			children = (
				3F8430B11DA8714D001841DC /* test1.app */,
				3F8430C51DA8714D001841DC /* test1Tests.xctest */,
				3F8430D01DA8714D001841DC /* test1UITests.xctest */,
			);
			name = Products;
			sourceTree = "<group>";
		};
		3F8430B31DA8714D001841DC /* test1 */ = {
			isa = PBXGroup;
			children = (
				3F8430B41DA8714D001841DC /* AppDelegate.swift */,
				3F8430B61DA8714D001841DC /* ViewController.swift */,
				3F8430B81DA8714D001841DC /* Main.storyboard */,
				3F8430BB1DA8714D001841DC /* Assets.xcassets */,
				3F8430BD1DA8714D001841DC /* LaunchScreen.storyboard */,
				3F8430C01DA8714D001841DC /* Info.plist */,
				3F8430E21DA87569001841DC /* DevelopController.swift */,
				3FA03BD61DB1D21600D6FFF2 /* Develop.xcdatamodeld */,
			);
			path = test1;
			sourceTree = "<group>";
		};
		3F8430C81DA8714D001841DC /* test1Tests */ = {
			isa = PBXGroup;
			children = (
				3F8430C91DA8714D001841DC /* test1Tests.swift */,
				3F8430CB1DA8714D001841DC /* Info.plist */,
			);
			path = test1Tests;
			sourceTree = "<group>";
		};
		3F8430D31DA8714D001841DC /* test1UITests */ = {
			isa = PBXGroup;
			children = (
				3F8430D41DA8714D001841DC /* test1UITests.swift */,
				3F8430D61DA8714D001841DC /* Info.plist */,
			);
			path = test1UITests;
			sourceTree = "<group>";
		};
		3FA03BC81DB1B11A00D6FFF2 /* Lib */ = {
			isa = PBXGroup;
			children = (
				3FDC63D81DBB023A009609F7 /* pokedb.csv */,
				3FA03BD31DB1CFA900D6FFF2 /* pokedb.sqlite3 */,
			);
			name = Lib;
			sourceTree = "<group>";
		};
/* End PBXGroup section */

/* Begin PBXNativeTarget section */
		3F8430B01DA8714C001841DC /* test1 */ = {
			isa = PBXNativeTarget;
			buildConfigurationList = 3F8430D91DA8714D001841DC /* Build configuration list for PBXNativeTarget "test1" */;
			buildPhases = (
				3F8430AD1DA8714C001841DC /* Sources */,
				3F8430AE1DA8714C001841DC /* Frameworks */,
				3F8430AF1DA8714C001841DC /* Resources */,
			);
			buildRules = (
			);
			dependencies = (
			);
			name = test1;
			productName = test1;
			productReference = 3F8430B11DA8714D001841DC /* test1.app */;
			productType = "com.apple.product-type.application";
		};
		3F8430C41DA8714D001841DC /* test1Tests */ = {
			isa = PBXNativeTarget;
			buildConfigurationList = 3F8430DC1DA8714D001841DC /* Build configuration list for PBXNativeTarget "test1Tests" */;
			buildPhases = (
				3F8430C11DA8714D001841DC /* Sources */,
				3F8430C21DA8714D001841DC /* Frameworks */,
				3F8430C31DA8714D001841DC /* Resources */,
			);
			buildRules = (
			);
			dependencies = (
				3F8430C71DA8714D001841DC /* PBXTargetDependency */,
			);
			name = test1Tests;
			productName = test1Tests;
			productReference = 3F8430C51DA8714D001841DC /* test1Tests.xctest */;
			productType = "com.apple.product-type.bundle.unit-test";
		};
		3F8430CF1DA8714D001841DC /* test1UITests */ = {
			isa = PBXNativeTarget;
			buildConfigurationList = 3F8430DF1DA8714D001841DC /* Build configuration list for PBXNativeTarget "test1UITests" */;
			buildPhases = (
				3F8430CC1DA8714D001841DC /* Sources */,
				3F8430CD1DA8714D001841DC /* Frameworks */,
				3F8430CE1DA8714D001841DC /* Resources */,
			);
			buildRules = (
			);
			dependencies = (
				3F8430D21DA8714D001841DC /* PBXTargetDependency */,
			);
			name = test1UITests;
			productName = test1UITests;
			productReference = 3F8430D01DA8714D001841DC /* test1UITests.xctest */;
			productType = "com.apple.product-type.bundle.ui-testing";
		};
/* End PBXNativeTarget section */

/* Begin PBXProject section */
		3F8430A91DA8714C001841DC /* Project object */ = {
			isa = PBXProject;
			attributes = {
				LastSwiftUpdateCheck = 0720;
				LastUpgradeCheck = 0720;
				ORGANIZATIONNAME = Student;
				TargetAttributes = {
					3F8430B01DA8714C001841DC = {
						CreatedOnToolsVersion = 7.2.1;
					};
					3F8430C41DA8714D001841DC = {
						CreatedOnToolsVersion = 7.2.1;
						DevelopmentTeam = 8AG75U3VJA;
						TestTargetID = 3F8430B01DA8714C001841DC;
					};
					3F8430CF1DA8714D001841DC = {
						CreatedOnToolsVersion = 7.2.1;
						DevelopmentTeam = 8AG75U3VJA;
						TestTargetID = 3F8430B01DA8714C001841DC;
					};
				};
			};
			buildConfigurationList = 3F8430AC1DA8714C001841DC /* Build configuration list for PBXProject "test1" */;
			compatibilityVersion = "Xcode 3.2";
			developmentRegion = English;
			hasScannedForEncodings = 0;
			knownRegions = (
				en,
				Base,
			);
			mainGroup = 3F8430A81DA8714C001841DC;
			productRefGroup = 3F8430B21DA8714D001841DC /* Products */;
			projectDirPath = "";
			projectRoot = "";
			targets = (
				3F8430B01DA8714C001841DC /* test1 */,
				3F8430C41DA8714D001841DC /* test1Tests */,
				3F8430CF1DA8714D001841DC /* test1UITests */,
			);
		};
/* End PBXProject section */

/* Begin PBXResourcesBuildPhase section */
		3F8430AF1DA8714C001841DC /* Resources */ = {
			isa = PBXResourcesBuildPhase;
			buildActionMask = 2147483647;
			files = (
				3F8430BF1DA8714D001841DC /* LaunchScreen.storyboard in Resources */,
				3FDC63D91DBB023A009609F7 /* pokedb.csv in Resources */,
				3FA03BD41DB1CFA900D6FFF2 /* pokedb.sqlite3 in Resources */,
				3F8430BC1DA8714D001841DC /* Assets.xcassets in Resources */,
				3F8430BA1DA8714D001841DC /* Main.storyboard in Resources */,
			);
			runOnlyForDeploymentPostprocessing = 0;
		};
		3F8430C31DA8714D001841DC /* Resources */ = {
			isa = PBXResourcesBuildPhase;
			buildActionMask = 2147483647;
			files = (
			);
			runOnlyForDeploymentPostprocessing = 0;
		};
		3F8430CE1DA8714D001841DC /* Resources */ = {
			isa = PBXResourcesBuildPhase;
			buildActionMask = 2147483647;
			files = (
			);
			runOnlyForDeploymentPostprocessing = 0;
		};
/* End PBXResourcesBuildPhase section */

/* Begin PBXSourcesBuildPhase section */
		3F8430AD1DA8714C001841DC /* Sources */ = {
			isa = PBXSourcesBuildPhase;
			buildActionMask = 2147483647;
			files = (
				3FDC63DC1DBB0690009609F7 /* Monster+CoreDataProperties.swift in Sources */,
				3F8430E31DA87569001841DC /* DevelopController.swift in Sources */,
				3F8430B71DA8714D001841DC /* ViewController.swift in Sources */,
				3F8430B51DA8714D001841DC /* AppDelegate.swift in Sources */,
				3FDC63DD1DBB0690009609F7 /* Monster.swift in Sources */,
				3FA03BD81DB1D21600D6FFF2 /* Develop.xcdatamodeld in Sources */,
			);
			runOnlyForDeploymentPostprocessing = 0;
		};
		3F8430C11DA8714D001841DC /* Sources */ = {
			isa = PBXSourcesBuildPhase;
			buildActionMask = 2147483647;
			files = (
				3F8430CA1DA8714D001841DC /* test1Tests.swift in Sources */,
			);
			runOnlyForDeploymentPostprocessing = 0;
		};
		3F8430CC1DA8714D001841DC /* Sources */ = {
			isa = PBXSourcesBuildPhase;
			buildActionMask = 2147483647;
			files = (
				3F8430D51DA8714D001841DC /* test1UITests.swift in Sources */,
			);
			runOnlyForDeploymentPostprocessing = 0;
		};
/* End PBXSourcesBuildPhase section */

/* Begin PBXTargetDependency section */
		3F8430C71DA8714D001841DC /* PBXTargetDependency */ = {
			isa = PBXTargetDependency;
			target = 3F8430B01DA8714C001841DC /* test1 */;
			targetProxy = 3F8430C61DA8714D001841DC /* PBXContainerItemProxy */;
		};
		3F8430D21DA8714D001841DC /* PBXTargetDependency */ = {
			isa = PBXTargetDependency;
			target = 3F8430B01DA8714C001841DC /* test1 */;
			targetProxy = 3F8430D11DA8714D001841DC /* PBXContainerItemProxy */;
		};
/* End PBXTargetDependency section */

/* Begin PBXVariantGroup section */
		3F8430B81DA8714D001841DC /* Main.storyboard */ = {
			isa = PBXVariantGroup;
			children = (
				3F8430B91DA8714D001841DC /* Base */,
			);
			name = Main.storyboard;
			sourceTree = "<group>";
		};
		3F8430BD1DA8714D001841DC /* LaunchScreen.storyboard */ = {
			isa = PBXVariantGroup;
			children = (
				3F8430BE1DA8714D001841DC /* Base */,
			);
			name = LaunchScreen.storyboard;
			sourceTree = "<group>";
		};
/* End PBXVariantGroup section */

/* Begin XCBuildConfiguration section */
		3F8430D71DA8714D001841DC /* Debug */ = {
			isa = XCBuildConfiguration;
			buildSettings = {
				ALWAYS_SEARCH_USER_PATHS = NO;
				CLANG_CXX_LANGUAGE_STANDARD = "gnu++0x";
				CLANG_CXX_LIBRARY = "libc++";
				CLANG_ENABLE_MODULES = YES;
				CLANG_ENABLE_OBJC_ARC = YES;
				CLANG_WARN_BOOL_CONVERSION = YES;
				CLANG_WARN_CONSTANT_CONVERSION = YES;
				CLANG_WARN_DIRECT_OBJC_ISA_USAGE = YES_ERROR;
				CLANG_WARN_EMPTY_BODY = YES;
				CLANG_WARN_ENUM_CONVERSION = YES;
				CLANG_WARN_INT_CONVERSION = YES;
				CLANG_WARN_OBJC_ROOT_CLASS = YES_ERROR;
				CLANG_WARN_UNREACHABLE_CODE = YES;
				CLANG_WARN__DUPLICATE_METHOD_MATCH = YES;
				"CODE_SIGN_IDENTITY[sdk=iphoneos*]" = "iPhone Developer";
				COPY_PHASE_STRIP = NO;
				DEBUG_INFORMATION_FORMAT = dwarf;
				ENABLE_STRICT_OBJC_MSGSEND = YES;
				ENABLE_TESTABILITY = YES;
				GCC_C_LANGUAGE_STANDARD = gnu99;
				GCC_DYNAMIC_NO_PIC = NO;
				GCC_NO_COMMON_BLOCKS = YES;
				GCC_OPTIMIZATION_LEVEL = 0;
				GCC_PREPROCESSOR_DEFINITIONS = (
					"DEBUG=1",
					"$(inherited)",
				);
				GCC_WARN_64_TO_32_BIT_CONVERSION = YES;
				GCC_WARN_ABOUT_RETURN_TYPE = YES_ERROR;
				GCC_WARN_UNDECLARED_SELECTOR = YES;
				GCC_WARN_UNINITIALIZED_AUTOS = YES_AGGRESSIVE;
				GCC_WARN_UNUSED_FUNCTION = YES;
				GCC_WARN_UNUSED_VARIABLE = YES;
				IPHONEOS_DEPLOYMENT_TARGET = 9.2;
				MTL_ENABLE_DEBUG_INFO = YES;
				ONLY_ACTIVE_ARCH = YES;
				SDKROOT = iphoneos;
				SWIFT_OPTIMIZATION_LEVEL = "-Onone";
			};
			name = Debug;
		};
		3F8430D81DA8714D001841DC /* Release */ = {
			isa = XCBuildConfiguration;
			buildSettings = {
				ALWAYS_SEARCH_USER_PATHS = NO;
				CLANG_CXX_LANGUAGE_STANDARD = "gnu++0x";
				CLANG_CXX_LIBRARY = "libc++";
				CLANG_ENABLE_MODULES = YES;
				CLANG_ENABLE_OBJC_ARC = YES;
				CLANG_WARN_BOOL_CONVERSION = YES;
				CLANG_WARN_CONSTANT_CONVERSION = YES;
				CLANG_WARN_DIRECT_OBJC_ISA_USAGE = YES_ERROR;
				CLANG_WARN_EMPTY_BODY = YES;
				CLANG_WARN_ENUM_CONVERSION = YES;
				CLANG_WARN_INT_CONVERSION = YES;
				CLANG_WARN_OBJC_ROOT_CLASS = YES_ERROR;
				CLANG_WARN_UNREACHABLE_CODE = YES;
				CLANG_WARN__DUPLICATE_METHOD_MATCH = YES;
				"CODE_SIGN_IDENTITY[sdk=iphoneos*]" = "iPhone Developer";
				COPY_PHASE_STRIP = NO;
				DEBUG_INFORMATION_FORMAT = "dwarf-with-dsym";
				ENABLE_NS_ASSERTIONS = NO;
				ENABLE_STRICT_OBJC_MSGSEND = YES;
				GCC_C_LANGUAGE_STANDARD = gnu99;
				GCC_NO_COMMON_BLOCKS = YES;
				GCC_WARN_64_TO_32_BIT_CONVERSION = YES;
				GCC_WARN_ABOUT_RETURN_TYPE = YES_ERROR;
				GCC_WARN_UNDECLARED_SELECTOR = YES;
				GCC_WARN_UNINITIALIZED_AUTOS = YES_AGGRESSIVE;
				GCC_WARN_UNUSED_FUNCTION = YES;
				GCC_WARN_UNUSED_VARIABLE = YES;
				IPHONEOS_DEPLOYMENT_TARGET = 9.2;
				MTL_ENABLE_DEBUG_INFO = NO;
				SDKROOT = iphoneos;
				VALIDATE_PRODUCT = YES;
			};
			name = Release;
		};
		3F8430DA1DA8714D001841DC /* Debug */ = {
			isa = XCBuildConfiguration;
			buildSettings = {
				ASSETCATALOG_COMPILER_APPICON_NAME = AppIcon;
				CODE_SIGN_IDENTITY = "iPhone Developer";
				INFOPLIST_FILE = test1/Info.plist;
				LD_RUNPATH_SEARCH_PATHS = "$(inherited) @executable_path/Frameworks";
				PRODUCT_BUNDLE_IDENTIFIER = aa.test1;
				PRODUCT_NAME = "$(TARGET_NAME)";
			};
			name = Debug;
		};
		3F8430DB1DA8714D001841DC /* Release */ = {
			isa = XCBuildConfiguration;
			buildSettings = {
				ASSETCATALOG_COMPILER_APPICON_NAME = AppIcon;
				CODE_SIGN_IDENTITY = "iPhone Developer";
				INFOPLIST_FILE = test1/Info.plist;
				LD_RUNPATH_SEARCH_PATHS = "$(inherited) @executable_path/Frameworks";
				PRODUCT_BUNDLE_IDENTIFIER = aa.test1;
				PRODUCT_NAME = "$(TARGET_NAME)";
			};
			name = Release;
		};
		3F8430DD1DA8714D001841DC /* Debug */ = {
			isa = XCBuildConfiguration;
			buildSettings = {
				BUNDLE_LOADER = "$(TEST_HOST)";
				INFOPLIST_FILE = test1Tests/Info.plist;
				LD_RUNPATH_SEARCH_PATHS = "$(inherited) @executable_path/Frameworks @loader_path/Frameworks";
				PRODUCT_BUNDLE_IDENTIFIER = aa.test1Tests;
				PRODUCT_NAME = "$(TARGET_NAME)";
				TEST_HOST = "$(BUILT_PRODUCTS_DIR)/test1.app/test1";
			};
			name = Debug;
		};
		3F8430DE1DA8714D001841DC /* Release */ = {
			isa = XCBuildConfiguration;
			buildSettings = {
				BUNDLE_LOADER = "$(TEST_HOST)";
				INFOPLIST_FILE = test1Tests/Info.plist;
				LD_RUNPATH_SEARCH_PATHS = "$(inherited) @executable_path/Frameworks @loader_path/Frameworks";
				PRODUCT_BUNDLE_IDENTIFIER = aa.test1Tests;
				PRODUCT_NAME = "$(TARGET_NAME)";
				TEST_HOST = "$(BUILT_PRODUCTS_DIR)/test1.app/test1";
			};
			name = Release;
		};
		3F8430E01DA8714D001841DC /* Debug */ = {
			isa = XCBuildConfiguration;
			buildSettings = {
				INFOPLIST_FILE = test1UITests/Info.plist;
				LD_RUNPATH_SEARCH_PATHS = "$(inherited) @executable_path/Frameworks @loader_path/Frameworks";
				PRODUCT_BUNDLE_IDENTIFIER = aa.test1UITests;
				PRODUCT_NAME = "$(TARGET_NAME)";
				TEST_TARGET_NAME = test1;
				USES_XCTRUNNER = YES;
			};
			name = Debug;
		};
		3F8430E11DA8714D001841DC /* Release */ = {
			isa = XCBuildConfiguration;
			buildSettings = {
				INFOPLIST_FILE = test1UITests/Info.plist;
				LD_RUNPATH_SEARCH_PATHS = "$(inherited) @executable_path/Frameworks @loader_path/Frameworks";
				PRODUCT_BUNDLE_IDENTIFIER = aa.test1UITests;
				PRODUCT_NAME = "$(TARGET_NAME)";
				TEST_TARGET_NAME = test1;
				USES_XCTRUNNER = YES;
			};
			name = Release;
		};
/* End XCBuildConfiguration section */

/* Begin XCConfigurationList section */
		3F8430AC1DA8714C001841DC /* Build configuration list for PBXProject "test1" */ = {
			isa = XCConfigurationList;
			buildConfigurations = (
				3F8430D71DA8714D001841DC /* Debug */,
				3F8430D81DA8714D001841DC /* Release */,
			);
			defaultConfigurationIsVisible = 0;
			defaultConfigurationName = Release;
		};
		3F8430D91DA8714D001841DC /* Build configuration list for PBXNativeTarget "test1" */ = {
			isa = XCConfigurationList;
			buildConfigurations = (
				3F8430DA1DA8714D001841DC /* Debug */,
				3F8430DB1DA8714D001841DC /* Release */,
			);
			defaultConfigurationIsVisible = 0;
			defaultConfigurationName = Release;
		};
		3F8430DC1DA8714D001841DC /* Build configuration list for PBXNativeTarget "test1Tests" */ = {
			isa = XCConfigurationList;
			buildConfigurations = (
				3F8430DD1DA8714D001841DC /* Debug */,
				3F8430DE1DA8714D001841DC /* Release */,
			);
			defaultConfigurationIsVisible = 0;
			defaultConfigurationName = Release;
		};
		3F8430DF1DA8714D001841DC /* Build configuration list for PBXNativeTarget "test1UITests" */ = {
			isa = XCConfigurationList;
			buildConfigurations = (
				3F8430E01DA8714D001841DC /* Debug */,
				3F8430E11DA8714D001841DC /* Release */,
			);
			defaultConfigurationIsVisible = 0;
			defaultConfigurationName = Release;
		};
/* End XCConfigurationList section */

/* Begin XCVersionGroup section */
		3FA03BD61DB1D21600D6FFF2 /* Develop.xcdatamodeld */ = {
			isa = XCVersionGroup;
			children = (
				3FA03BD71DB1D21600D6FFF2 /* Develop.xcdatamodel */,
			);
			currentVersion = 3FA03BD71DB1D21600D6FFF2 /* Develop.xcdatamodel */;
			path = Develop.xcdatamodeld;
			sourceTree = "<group>";
			versionGroupType = wrapper.xcdatamodel;
		};
/* End XCVersionGroup section */
	};
	rootObject = 3F8430A91DA8714C001841DC /* Project object */;
}
